
Microsoft Visual Studio Solution File, Format Version 12.00
# Visual Studio 2012
Project("{FAE04EC0-301F-11D3-BF4B-00C04F79EFBC}") = "Projekt", "Projekt\Projekt.csproj", "{D52F9FF8-1CCE-48D9-B31B-BA9910CC50CF}"
EndProject
Global
	GlobalSection(SolutionConfigurationPlatforms) = preSolution
		Debug|Any CPU = Debug|Any CPU
		Release|Any CPU = Release|Any CPU
	EndGlobalSection
	GlobalSection(ProjectConfigurationPlatforms) = postSolution
		{D52F9FF8-1CCE-48D9-B31B-BA9910CC50CF}.Debug|Any CPU.ActiveCfg = Debug|Any CPU
		{D52F9FF8-1CCE-48D9-B31B-BA9910CC50CF}.Debug|Any CPU.Build.0 = Debug|Any CPU
		{D52F9FF8-1CCE-48D9-B31B-BA9910CC50CF}.Release|Any CPU.ActiveCfg = Release|Any CPU
		{D52F9FF8-1CCE-48D9-B31B-BA9910CC50CF}.Release|Any CPU.Build.0 = Release|Any CPU
	EndGlobalSection
	GlobalSection(SolutionProperties) = preSolution
		HideSolutionNode = FALSE
	EndGlobalSection
EndGlobal
